
Microsoft Visual Studio Solution File, Format Version 12.00
# Visual Studio Version 16
VisualStudioVersion = 16.0.30621.155
MinimumVisualStudioVersion = 10.0.40219.1
Project("{8BC9CEB8-8B4A-11D0-8D11-00A0C91BC942}") = "spsiu", "spsiu\spsiu.vcxproj", "{ED05EEF2-FD01-45A0-8D99-6B19D976852D}"
EndProject
Project("{8BC9CEB8-8B4A-11D0-8D11-00A0C91BC942}") = "xfstest", "xfstest\xfstest.vcxproj", "{5717EE84-D8B1-4900-A7CC-0388A205EB6F}"
EndProject
Project("{8BC9CEB8-8B4A-11D0-8D11-00A0C91BC942}") = "brxsisemu", "brxsisemu\brxsisemu.vcxproj", "{E845420B-7CCA-44B5-A801-60292D91A3E4}"
EndProject
Global
	GlobalSection(SolutionConfigurationPlatforms) = preSolution
		Debug|x64 = Debug|x64
		Debug|x86 = Debug|x86
		Release|x64 = Release|x64
		Release|x86 = Release|x86
	EndGlobalSection
	GlobalSection(ProjectConfigurationPlatforms) = postSolution
		{ED05EEF2-FD01-45A0-8D99-6B19D976852D}.Debug|x64.ActiveCfg = Debug|x64
		{ED05EEF2-FD01-45A0-8D99-6B19D976852D}.Debug|x64.Build.0 = Debug|x64
		{ED05EEF2-FD01-45A0-8D99-6B19D976852D}.Debug|x86.ActiveCfg = Debug|Win32
		{ED05EEF2-FD01-45A0-8D99-6B19D976852D}.Debug|x86.Build.0 = Debug|Win32
		{ED05EEF2-FD01-45A0-8D99-6B19D976852D}.Release|x64.ActiveCfg = Release|x64
		{ED05EEF2-FD01-45A0-8D99-6B19D976852D}.Release|x64.Build.0 = Release|x64
		{ED05EEF2-FD01-45A0-8D99-6B19D976852D}.Release|x86.ActiveCfg = Release|Win32
		{ED05EEF2-FD01-45A0-8D99-6B19D976852D}.Release|x86.Build.0 = Release|Win32
		{5717EE84-D8B1-4900-A7CC-0388A205EB6F}.Debug|x64.ActiveCfg = Debug|x64
		{5717EE84-D8B1-4900-A7CC-0388A205EB6F}.Debug|x64.Build.0 = Debug|x64
		{5717EE84-D8B1-4900-A7CC-0388A205EB6F}.Debug|x86.ActiveCfg = Debug|Win32
		{5717EE84-D8B1-4900-A7CC-0388A205EB6F}.Debug|x86.Build.0 = Debug|Win32
		{5717EE84-D8B1-4900-A7CC-0388A205EB6F}.Release|x64.ActiveCfg = Release|x64
		{5717EE84-D8B1-4900-A7CC-0388A205EB6F}.Release|x64.Build.0 = Release|x64
		{5717EE84-D8B1-4900-A7CC-0388A205EB6F}.Release|x86.ActiveCfg = Release|Win32
		{5717EE84-D8B1-4900-A7CC-0388A205EB6F}.Release|x86.Build.0 = Release|Win32
		{E845420B-7CCA-44B5-A801-60292D91A3E4}.Debug|x64.ActiveCfg = Debug|x64
		{E845420B-7CCA-44B5-A801-60292D91A3E4}.Debug|x64.Build.0 = Debug|x64
		{E845420B-7CCA-44B5-A801-60292D91A3E4}.Debug|x86.ActiveCfg = Debug|Win32
		{E845420B-7CCA-44B5-A801-60292D91A3E4}.Debug|x86.Build.0 = Debug|Win32
		{E845420B-7CCA-44B5-A801-60292D91A3E4}.Release|x64.ActiveCfg = Release|x64
		{E845420B-7CCA-44B5-A801-60292D91A3E4}.Release|x64.Build.0 = Release|x64
		{E845420B-7CCA-44B5-A801-60292D91A3E4}.Release|x86.ActiveCfg = Release|Win32
		{E845420B-7CCA-44B5-A801-60292D91A3E4}.Release|x86.Build.0 = Release|Win32
	EndGlobalSection
	GlobalSection(SolutionProperties) = preSolution
		HideSolutionNode = FALSE
	EndGlobalSection
	GlobalSection(ExtensibilityGlobals) = postSolution
		SolutionGuid = {A7A314BB-B274-481F-B67E-CA6C1A09A67C}
	EndGlobalSection
EndGlobal
